// !$*UTF8*$!
{
	archiveVersion = 1;
	classes = {
	};
	objectVersion = 50;
	objects = {

/* Begin PBXBuildFile section */
		FD7CC4DB236478860043508E /* temp.cpp in Sources */ = {isa = PBXBuildFile; fileRef = FD7CC4DA236478860043508E /* temp.cpp */; };
		FDBFFD95235F3BA8001C774B /* proj4_driver.cpp in Sources */ = {isa = PBXBuildFile; fileRef = FDBFFD94235F3BA8001C774B /* proj4_driver.cpp */; };
		FDBFFD9E235F435A001C774B /* makefile in Sources */ = {isa = PBXBuildFile; fileRef = FDBFFD9D235F435A001C774B /* makefile */; };
/* End PBXBuildFile section */

/* Begin PBXCopyFilesBuildPhase section */
		FDBFFD8F235F3BA8001C774B /* CopyFiles */ = {
			isa = PBXCopyFilesBuildPhase;
			buildActionMask = 2147483647;
			dstPath = /usr/share/man/man1/;
			dstSubfolderSpec = 0;
			files = (
			);
			runOnlyForDeploymentPostprocessing = 1;
		};
/* End PBXCopyFilesBuildPhase section */

/* Begin PBXFileReference section */
		FD7CC4DA236478860043508E /* temp.cpp */ = {isa = PBXFileReference; lastKnownFileType = sourcecode.cpp.cpp; path = temp.cpp; sourceTree = "<group>"; };
		FD7CC4DC2364EA300043508E /* analysis.txt */ = {isa = PBXFileReference; lastKnownFileType = text; path = analysis.txt; sourceTree = "<group>"; };
		FDBFFD91235F3BA8001C774B /* P_4 */ = {isa = PBXFileReference; explicitFileType = "compiled.mach-o.executable"; includeInIndex = 0; path = P_4; sourceTree = BUILT_PRODUCTS_DIR; };
		FDBFFD94235F3BA8001C774B /* proj4_driver.cpp */ = {isa = PBXFileReference; lastKnownFileType = sourcecode.cpp.cpp; path = proj4_driver.cpp; sourceTree = "<group>"; };
		FDBFFD9B235F3BC8001C774B /* bet.cpp */ = {isa = PBXFileReference; lastKnownFileType = sourcecode.cpp.cpp; path = bet.cpp; sourceTree = "<group>"; };
		FDBFFD9C235F3BD9001C774B /* bet.h */ = {isa = PBXFileReference; lastKnownFileType = sourcecode.c.h; path = bet.h; sourceTree = "<group>"; };
		FDBFFD9D235F435A001C774B /* makefile */ = {isa = PBXFileReference; lastKnownFileType = sourcecode.make; path = makefile; sourceTree = "<group>"; };
/* End PBXFileReference section */

/* Begin PBXFrameworksBuildPhase section */
		FDBFFD8E235F3BA8001C774B /* Frameworks */ = {
			isa = PBXFrameworksBuildPhase;
			buildActionMask = 2147483647;
			files = (
			);
			runOnlyForDeploymentPostprocessing = 0;
		};
/* End PBXFrameworksBuildPhase section */

/* Begin PBXGroup section */
		FDBFFD88235F3BA8001C774B = {
			isa = PBXGroup;
			children = (
				FDBFFD93235F3BA8001C774B /* P_4 */,
				FDBFFD92235F3BA8001C774B /* Products */,
			);
			sourceTree = "<group>";
		};
		FDBFFD92235F3BA8001C774B /* Products */ = {
			isa = PBXGroup;
			children = (
				FDBFFD91235F3BA8001C774B /* P_4 */,
			);
			name = Products;
			sourceTree = "<group>";
		};
		FDBFFD93235F3BA8001C774B /* P_4 */ = {
			isa = PBXGroup;
			children = (
				FDBFFD94235F3BA8001C774B /* proj4_driver.cpp */,
				FDBFFD9B235F3BC8001C774B /* bet.cpp */,
				FD7CC4DC2364EA300043508E /* analysis.txt */,
				FDBFFD9C235F3BD9001C774B /* bet.h */,
				FDBFFD9D235F435A001C774B /* makefile */,
				FD7CC4DA236478860043508E /* temp.cpp */,
			);
			path = P_4;
			sourceTree = "<group>";
		};
/* End PBXGroup section */

/* Begin PBXNativeTarget section */
		FDBFFD90235F3BA8001C774B /* P_4 */ = {
			isa = PBXNativeTarget;
			buildConfigurationList = FDBFFD98235F3BA8001C774B /* Build configuration list for PBXNativeTarget "P_4" */;
			buildPhases = (
				FDBFFD8D235F3BA8001C774B /* Sources */,
				FDBFFD8E235F3BA8001C774B /* Frameworks */,
				FDBFFD8F235F3BA8001C774B /* CopyFiles */,
			);
			buildRules = (
			);
			dependencies = (
			);
			name = P_4;
			productName = P_4;
			productReference = FDBFFD91235F3BA8001C774B /* P_4 */;
			productType = "com.apple.product-type.tool";
		};
/* End PBXNativeTarget section */

/* Begin PBXProject section */
		FDBFFD89235F3BA8001C774B /* Project object */ = {
			isa = PBXProject;
			attributes = {
				LastUpgradeCheck = 1030;
				ORGANIZATIONNAME = "VENKATA PONNALURI";
				TargetAttributes = {
					FDBFFD90235F3BA8001C774B = {
						CreatedOnToolsVersion = 10.3;
					};
				};
			};
			buildConfigurationList = FDBFFD8C235F3BA8001C774B /* Build configuration list for PBXProject "P_4" */;
			compatibilityVersion = "Xcode 9.3";
			developmentRegion = en;
			hasScannedForEncodings = 0;
			knownRegions = (
				en,
			);
			mainGroup = FDBFFD88235F3BA8001C774B;
			productRefGroup = FDBFFD92235F3BA8001C774B /* Products */;
			projectDirPath = "";
			projectRoot = "";
			targets = (
				FDBFFD90235F3BA8001C774B /* P_4 */,
			);
		};
/* End PBXProject section */

/* Begin PBXSourcesBuildPhase section */
		FDBFFD8D235F3BA8001C774B /* Sources */ = {
			isa = PBXSourcesBuildPhase;
			buildActionMask = 2147483647;
			files = (
				FDBFFD9E235F435A001C774B /* makefile in Sources */,
				FDBFFD95235F3BA8001C774B /* proj4_driver.cpp in Sources */,
				FD7CC4DB236478860043508E /* temp.cpp in Sources */,
			);
			runOnlyForDeploymentPostprocessing = 0;
		};
/* End PBXSourcesBuildPhase section */

/* Begin XCBuildConfiguration section */
		FDBFFD96235F3BA8001C774B /* Debug */ = {
			isa = XCBuildConfiguration;
			buildSettings = {
				ALWAYS_SEARCH_USER_PATHS = NO;
				CLANG_ANALYZER_NONNULL = YES;
				CLANG_ANALYZER_NUMBER_OBJECT_CONVERSION = YES_AGGRESSIVE;
				CLANG_CXX_LANGUAGE_STANDARD = "gnu++14";
				CLANG_CXX_LIBRARY = "libc++";
				CLANG_ENABLE_MODULES = YES;
				CLANG_ENABLE_OBJC_ARC = YES;
				CLANG_ENABLE_OBJC_WEAK = YES;
				CLANG_WARN_BLOCK_CAPTURE_AUTORELEASING = YES;
				CLANG_WARN_BOOL_CONVERSION = YES;
				CLANG_WARN_COMMA = YES;
				CLANG_WARN_CONSTANT_CONVERSION = YES;
				CLANG_WARN_DEPRECATED_OBJC_IMPLEMENTATIONS = YES;
				CLANG_WARN_DIRECT_OBJC_ISA_USAGE = YES_ERROR;
				CLANG_WARN_DOCUMENTATION_COMMENTS = YES;
				CLANG_WARN_EMPTY_BODY = YES;
				CLANG_WARN_ENUM_CONVERSION = YES;
				CLANG_WARN_INFINITE_RECURSION = YES;
				CLANG_WARN_INT_CONVERSION = YES;
				CLANG_WARN_NON_LITERAL_NULL_CONVERSION = YES;
				CLANG_WARN_OBJC_IMPLICIT_RETAIN_SELF = YES;
				CLANG_WARN_OBJC_LITERAL_CONVERSION = YES;
				CLANG_WARN_OBJC_ROOT_CLASS = YES_ERROR;
				CLANG_WARN_RANGE_LOOP_ANALYSIS = YES;
				CLANG_WARN_STRICT_PROTOTYPES = YES;
				CLANG_WARN_SUSPICIOUS_MOVE = YES;
				CLANG_WARN_UNGUARDED_AVAILABILITY = YES_AGGRESSIVE;
				CLANG_WARN_UNREACHABLE_CODE = YES;
				CLANG_WARN__DUPLICATE_METHOD_MATCH = YES;
				CODE_SIGN_IDENTITY = "-";
				COPY_PHASE_STRIP = NO;
				DEBUG_INFORMATION_FORMAT = dwarf;
				ENABLE_STRICT_OBJC_MSGSEND = YES;
				ENABLE_TESTABILITY = YES;
				GCC_C_LANGUAGE_STANDARD = gnu11;
				GCC_DYNAMIC_NO_PIC = NO;
				GCC_NO_COMMON_BLOCKS = YES;
				GCC_OPTIMIZATION_LEVEL = 0;
				GCC_PREPROCESSOR_DEFINITIONS = (
					"DEBUG=1",
					"$(inherited)",
				);
				GCC_WARN_64_TO_32_BIT_CONVERSION = YES;
				GCC_WARN_ABOUT_RETURN_TYPE = YES_ERROR;
				GCC_WARN_UNDECLARED_SELECTOR = YES;
				GCC_WARN_UNINITIALIZED_AUTOS = YES_AGGRESSIVE;
				GCC_WARN_UNUSED_FUNCTION = YES;
				GCC_WARN_UNUSED_VARIABLE = YES;
				MACOSX_DEPLOYMENT_TARGET = 10.14;
				MTL_ENABLE_DEBUG_INFO = INCLUDE_SOURCE;
				MTL_FAST_MATH = YES;
				ONLY_ACTIVE_ARCH = YES;
				SDKROOT = macosx;
			};
			name = Debug;
		};
		FDBFFD97235F3BA8001C774B /* Release */ = {
			isa = XCBuildConfiguration;
			buildSettings = {
				ALWAYS_SEARCH_USER_PATHS = NO;
				CLANG_ANALYZER_NONNULL = YES;
				CLANG_ANALYZER_NUMBER_OBJECT_CONVERSION = YES_AGGRESSIVE;
				CLANG_CXX_LANGUAGE_STANDARD = "gnu++14";
				CLANG_CXX_LIBRARY = "libc++";
				CLANG_ENABLE_MODULES = YES;
				CLANG_ENABLE_OBJC_ARC = YES;
				CLANG_ENABLE_OBJC_WEAK = YES;
				CLANG_WARN_BLOCK_CAPTURE_AUTORELEASING = YES;
				CLANG_WARN_BOOL_CONVERSION = YES;
				CLANG_WARN_COMMA = YES;
				CLANG_WARN_CONSTANT_CONVERSION = YES;
				CLANG_WARN_DEPRECATED_OBJC_IMPLEMENTATIONS = YES;
				CLANG_WARN_DIRECT_OBJC_ISA_USAGE = YES_ERROR;
				CLANG_WARN_DOCUMENTATION_COMMENTS = YES;
				CLANG_WARN_EMPTY_BODY = YES;
				CLANG_WARN_ENUM_CONVERSION = YES;
				CLANG_WARN_INFINITE_RECURSION = YES;
				CLANG_WARN_INT_CONVERSION = YES;
				CLANG_WARN_NON_LITERAL_NULL_CONVERSION = YES;
				CLANG_WARN_OBJC_IMPLICIT_RETAIN_SELF = YES;
				CLANG_WARN_OBJC_LITERAL_CONVERSION = YES;
				CLANG_WARN_OBJC_ROOT_CLASS = YES_ERROR;
				CLANG_WARN_RANGE_LOOP_ANALYSIS = YES;
				CLANG_WARN_STRICT_PROTOTYPES = YES;
				CLANG_WARN_SUSPICIOUS_MOVE = YES;
				CLANG_WARN_UNGUARDED_AVAILABILITY = YES_AGGRESSIVE;
				CLANG_WARN_UNREACHABLE_CODE = YES;
				CLANG_WARN__DUPLICATE_METHOD_MATCH = YES;
				CODE_SIGN_IDENTITY = "-";
				COPY_PHASE_STRIP = NO;
				DEBUG_INFORMATION_FORMAT = "dwarf-with-dsym";
				ENABLE_NS_ASSERTIONS = NO;
				ENABLE_STRICT_OBJC_MSGSEND = YES;
				GCC_C_LANGUAGE_STANDARD = gnu11;
				GCC_NO_COMMON_BLOCKS = YES;
				GCC_WARN_64_TO_32_BIT_CONVERSION = YES;
				GCC_WARN_ABOUT_RETURN_TYPE = YES_ERROR;
				GCC_WARN_UNDECLARED_SELECTOR = YES;
				GCC_WARN_UNINITIALIZED_AUTOS = YES_AGGRESSIVE;
				GCC_WARN_UNUSED_FUNCTION = YES;
				GCC_WARN_UNUSED_VARIABLE = YES;
				MACOSX_DEPLOYMENT_TARGET = 10.14;
				MTL_ENABLE_DEBUG_INFO = NO;
				MTL_FAST_MATH = YES;
				SDKROOT = macosx;
			};
			name = Release;
		};
		FDBFFD99235F3BA8001C774B /* Debug */ = {
			isa = XCBuildConfiguration;
			buildSettings = {
				CODE_SIGN_STYLE = Automatic;
				PRODUCT_NAME = "$(TARGET_NAME)";
			};
			name = Debug;
		};
		FDBFFD9A235F3BA8001C774B /* Release */ = {
			isa = XCBuildConfiguration;
			buildSettings = {
				CODE_SIGN_STYLE = Automatic;
				PRODUCT_NAME = "$(TARGET_NAME)";
			};
			name = Release;
		};
/* End XCBuildConfiguration section */

/* Begin XCConfigurationList section */
		FDBFFD8C235F3BA8001C774B /* Build configuration list for PBXProject "P_4" */ = {
			isa = XCConfigurationList;
			buildConfigurations = (
				FDBFFD96235F3BA8001C774B /* Debug */,
				FDBFFD97235F3BA8001C774B /* Release */,
			);
			defaultConfigurationIsVisible = 0;
			defaultConfigurationName = Release;
		};
		FDBFFD98235F3BA8001C774B /* Build configuration list for PBXNativeTarget "P_4" */ = {
			isa = XCConfigurationList;
			buildConfigurations = (
				FDBFFD99235F3BA8001C774B /* Debug */,
				FDBFFD9A235F3BA8001C774B /* Release */,
			);
			defaultConfigurationIsVisible = 0;
			defaultConfigurationName = Release;
		};
/* End XCConfigurationList section */
	};
	rootObject = FDBFFD89235F3BA8001C774B /* Project object */;
}
