// !$*UTF8*$!
{
	archiveVersion = 1;
	classes = {
	};
	objectVersion = 50;
	objects = {

/* Begin PBXBuildFile section */
		FD7202AD237854FA00770ADF /* p1.cpp in Sources */ = {isa = PBXBuildFile; fileRef = FD7202AC237854FA00770ADF /* p1.cpp */; };
		FD7202B423785C6300770ADF /* p2.cpp in Sources */ = {isa = PBXBuildFile; fileRef = FD7202B323785C6300770ADF /* p2.cpp */; };
		FD7202B623785C7000770ADF /* p3.cpp in Sources */ = {isa = PBXBuildFile; fileRef = FD7202B523785C7000770ADF /* p3.cpp */; };
		FD7202B823785C8400770ADF /* p4.cpp in Sources */ = {isa = PBXBuildFile; fileRef = FD7202B723785C8400770ADF /* p4.cpp */; };
		FD7202BB23785C8F00770ADF /* p5.cpp in Sources */ = {isa = PBXBuildFile; fileRef = FD7202B923785C8F00770ADF /* p5.cpp */; };
/* End PBXBuildFile section */

/* Begin PBXCopyFilesBuildPhase section */
		FD7202A7237854FA00770ADF /* CopyFiles */ = {
			isa = PBXCopyFilesBuildPhase;
			buildActionMask = 2147483647;
			dstPath = /usr/share/man/man1/;
			dstSubfolderSpec = 0;
			files = (
			);
			runOnlyForDeploymentPostprocessing = 1;
		};
/* End PBXCopyFilesBuildPhase section */

/* Begin PBXFileReference section */
		FD7202A9237854FA00770ADF /* ACM_fall2019 */ = {isa = PBXFileReference; explicitFileType = "compiled.mach-o.executable"; includeInIndex = 0; path = ACM_fall2019; sourceTree = BUILT_PRODUCTS_DIR; };
		FD7202AC237854FA00770ADF /* p1.cpp */ = {isa = PBXFileReference; lastKnownFileType = sourcecode.cpp.cpp; path = p1.cpp; sourceTree = "<group>"; };
		FD7202B323785C6300770ADF /* p2.cpp */ = {isa = PBXFileReference; lastKnownFileType = sourcecode.cpp.cpp; path = p2.cpp; sourceTree = "<group>"; };
		FD7202B523785C7000770ADF /* p3.cpp */ = {isa = PBXFileReference; lastKnownFileType = sourcecode.cpp.cpp; path = p3.cpp; sourceTree = "<group>"; };
		FD7202B723785C8400770ADF /* p4.cpp */ = {isa = PBXFileReference; lastKnownFileType = sourcecode.cpp.cpp; path = p4.cpp; sourceTree = "<group>"; };
		FD7202B923785C8F00770ADF /* p5.cpp */ = {isa = PBXFileReference; lastKnownFileType = sourcecode.cpp.cpp; path = p5.cpp; sourceTree = "<group>"; };
		FD7202BA23785C8F00770ADF /* p6.cpp */ = {isa = PBXFileReference; lastKnownFileType = sourcecode.cpp.cpp; path = p6.cpp; sourceTree = "<group>"; };
/* End PBXFileReference section */

/* Begin PBXFrameworksBuildPhase section */
		FD7202A6237854FA00770ADF /* Frameworks */ = {
			isa = PBXFrameworksBuildPhase;
			buildActionMask = 2147483647;
			files = (
			);
			runOnlyForDeploymentPostprocessing = 0;
		};
/* End PBXFrameworksBuildPhase section */

/* Begin PBXGroup section */
		FD7202A0237854FA00770ADF = {
			isa = PBXGroup;
			children = (
				FD7202AB237854FA00770ADF /* ACM_fall2019 */,
				FD7202AA237854FA00770ADF /* Products */,
			);
			sourceTree = "<group>";
		};
		FD7202AA237854FA00770ADF /* Products */ = {
			isa = PBXGroup;
			children = (
				FD7202A9237854FA00770ADF /* ACM_fall2019 */,
			);
			name = Products;
			sourceTree = "<group>";
		};
		FD7202AB237854FA00770ADF /* ACM_fall2019 */ = {
			isa = PBXGroup;
			children = (
				FD7202AC237854FA00770ADF /* p1.cpp */,
				FD7202B323785C6300770ADF /* p2.cpp */,
				FD7202B523785C7000770ADF /* p3.cpp */,
				FD7202B723785C8400770ADF /* p4.cpp */,
				FD7202B923785C8F00770ADF /* p5.cpp */,
				FD7202BA23785C8F00770ADF /* p6.cpp */,
			);
			path = ACM_fall2019;
			sourceTree = "<group>";
		};
/* End PBXGroup section */

/* Begin PBXNativeTarget section */
		FD7202A8237854FA00770ADF /* ACM_fall2019 */ = {
			isa = PBXNativeTarget;
			buildConfigurationList = FD7202B0237854FA00770ADF /* Build configuration list for PBXNativeTarget "ACM_fall2019" */;
			buildPhases = (
				FD7202A5237854FA00770ADF /* Sources */,
				FD7202A6237854FA00770ADF /* Frameworks */,
				FD7202A7237854FA00770ADF /* CopyFiles */,
			);
			buildRules = (
			);
			dependencies = (
			);
			name = ACM_fall2019;
			productName = ACM_fall2019;
			productReference = FD7202A9237854FA00770ADF /* ACM_fall2019 */;
			productType = "com.apple.product-type.tool";
		};
/* End PBXNativeTarget section */

/* Begin PBXProject section */
		FD7202A1237854FA00770ADF /* Project object */ = {
			isa = PBXProject;
			attributes = {
				LastUpgradeCheck = 1030;
				ORGANIZATIONNAME = "VENKATA PONNALURI";
				TargetAttributes = {
					FD7202A8237854FA00770ADF = {
						CreatedOnToolsVersion = 10.3;
					};
				};
			};
			buildConfigurationList = FD7202A4237854FA00770ADF /* Build configuration list for PBXProject "ACM_fall2019" */;
			compatibilityVersion = "Xcode 9.3";
			developmentRegion = en;
			hasScannedForEncodings = 0;
			knownRegions = (
				en,
			);
			mainGroup = FD7202A0237854FA00770ADF;
			productRefGroup = FD7202AA237854FA00770ADF /* Products */;
			projectDirPath = "";
			projectRoot = "";
			targets = (
				FD7202A8237854FA00770ADF /* ACM_fall2019 */,
			);
		};
/* End PBXProject section */

/* Begin PBXSourcesBuildPhase section */
		FD7202A5237854FA00770ADF /* Sources */ = {
			isa = PBXSourcesBuildPhase;
			buildActionMask = 2147483647;
			files = (
				FD7202BB23785C8F00770ADF /* p5.cpp in Sources */,
				FD7202AD237854FA00770ADF /* p1.cpp in Sources */,
				FD7202B423785C6300770ADF /* p2.cpp in Sources */,
				FD7202B623785C7000770ADF /* p3.cpp in Sources */,
				FD7202B823785C8400770ADF /* p4.cpp in Sources */,
			);
			runOnlyForDeploymentPostprocessing = 0;
		};
/* End PBXSourcesBuildPhase section */

/* Begin XCBuildConfiguration section */
		FD7202AE237854FA00770ADF /* Debug */ = {
			isa = XCBuildConfiguration;
			buildSettings = {
				ALWAYS_SEARCH_USER_PATHS = NO;
				CLANG_ANALYZER_NONNULL = YES;
				CLANG_ANALYZER_NUMBER_OBJECT_CONVERSION = YES_AGGRESSIVE;
				CLANG_CXX_LANGUAGE_STANDARD = "gnu++14";
				CLANG_CXX_LIBRARY = "libc++";
				CLANG_ENABLE_MODULES = YES;
				CLANG_ENABLE_OBJC_ARC = YES;
				CLANG_ENABLE_OBJC_WEAK = YES;
				CLANG_WARN_BLOCK_CAPTURE_AUTORELEASING = YES;
				CLANG_WARN_BOOL_CONVERSION = YES;
				CLANG_WARN_COMMA = YES;
				CLANG_WARN_CONSTANT_CONVERSION = YES;
				CLANG_WARN_DEPRECATED_OBJC_IMPLEMENTATIONS = YES;
				CLANG_WARN_DIRECT_OBJC_ISA_USAGE = YES_ERROR;
				CLANG_WARN_DOCUMENTATION_COMMENTS = YES;
				CLANG_WARN_EMPTY_BODY = YES;
				CLANG_WARN_ENUM_CONVERSION = YES;
				CLANG_WARN_INFINITE_RECURSION = YES;
				CLANG_WARN_INT_CONVERSION = YES;
				CLANG_WARN_NON_LITERAL_NULL_CONVERSION = YES;
				CLANG_WARN_OBJC_IMPLICIT_RETAIN_SELF = YES;
				CLANG_WARN_OBJC_LITERAL_CONVERSION = YES;
				CLANG_WARN_OBJC_ROOT_CLASS = YES_ERROR;
				CLANG_WARN_RANGE_LOOP_ANALYSIS = YES;
				CLANG_WARN_STRICT_PROTOTYPES = YES;
				CLANG_WARN_SUSPICIOUS_MOVE = YES;
				CLANG_WARN_UNGUARDED_AVAILABILITY = YES_AGGRESSIVE;
				CLANG_WARN_UNREACHABLE_CODE = YES;
				CLANG_WARN__DUPLICATE_METHOD_MATCH = YES;
				CODE_SIGN_IDENTITY = "-";
				COPY_PHASE_STRIP = NO;
				DEBUG_INFORMATION_FORMAT = dwarf;
				ENABLE_STRICT_OBJC_MSGSEND = YES;
				ENABLE_TESTABILITY = YES;
				GCC_C_LANGUAGE_STANDARD = gnu11;
				GCC_DYNAMIC_NO_PIC = NO;
				GCC_NO_COMMON_BLOCKS = YES;
				GCC_OPTIMIZATION_LEVEL = 0;
				GCC_PREPROCESSOR_DEFINITIONS = (
					"DEBUG=1",
					"$(inherited)",
				);
				GCC_WARN_64_TO_32_BIT_CONVERSION = YES;
				GCC_WARN_ABOUT_RETURN_TYPE = YES_ERROR;
				GCC_WARN_UNDECLARED_SELECTOR = YES;
				GCC_WARN_UNINITIALIZED_AUTOS = YES_AGGRESSIVE;
				GCC_WARN_UNUSED_FUNCTION = YES;
				GCC_WARN_UNUSED_VARIABLE = YES;
				MACOSX_DEPLOYMENT_TARGET = 10.14;
				MTL_ENABLE_DEBUG_INFO = INCLUDE_SOURCE;
				MTL_FAST_MATH = YES;
				ONLY_ACTIVE_ARCH = YES;
				SDKROOT = macosx;
			};
			name = Debug;
		};
		FD7202AF237854FA00770ADF /* Release */ = {
			isa = XCBuildConfiguration;
			buildSettings = {
				ALWAYS_SEARCH_USER_PATHS = NO;
				CLANG_ANALYZER_NONNULL = YES;
				CLANG_ANALYZER_NUMBER_OBJECT_CONVERSION = YES_AGGRESSIVE;
				CLANG_CXX_LANGUAGE_STANDARD = "gnu++14";
				CLANG_CXX_LIBRARY = "libc++";
				CLANG_ENABLE_MODULES = YES;
				CLANG_ENABLE_OBJC_ARC = YES;
				CLANG_ENABLE_OBJC_WEAK = YES;
				CLANG_WARN_BLOCK_CAPTURE_AUTORELEASING = YES;
				CLANG_WARN_BOOL_CONVERSION = YES;
				CLANG_WARN_COMMA = YES;
				CLANG_WARN_CONSTANT_CONVERSION = YES;
				CLANG_WARN_DEPRECATED_OBJC_IMPLEMENTATIONS = YES;
				CLANG_WARN_DIRECT_OBJC_ISA_USAGE = YES_ERROR;
				CLANG_WARN_DOCUMENTATION_COMMENTS = YES;
				CLANG_WARN_EMPTY_BODY = YES;
				CLANG_WARN_ENUM_CONVERSION = YES;
				CLANG_WARN_INFINITE_RECURSION = YES;
				CLANG_WARN_INT_CONVERSION = YES;
				CLANG_WARN_NON_LITERAL_NULL_CONVERSION = YES;
				CLANG_WARN_OBJC_IMPLICIT_RETAIN_SELF = YES;
				CLANG_WARN_OBJC_LITERAL_CONVERSION = YES;
				CLANG_WARN_OBJC_ROOT_CLASS = YES_ERROR;
				CLANG_WARN_RANGE_LOOP_ANALYSIS = YES;
				CLANG_WARN_STRICT_PROTOTYPES = YES;
				CLANG_WARN_SUSPICIOUS_MOVE = YES;
				CLANG_WARN_UNGUARDED_AVAILABILITY = YES_AGGRESSIVE;
				CLANG_WARN_UNREACHABLE_CODE = YES;
				CLANG_WARN__DUPLICATE_METHOD_MATCH = YES;
				CODE_SIGN_IDENTITY = "-";
				COPY_PHASE_STRIP = NO;
				DEBUG_INFORMATION_FORMAT = "dwarf-with-dsym";
				ENABLE_NS_ASSERTIONS = NO;
				ENABLE_STRICT_OBJC_MSGSEND = YES;
				GCC_C_LANGUAGE_STANDARD = gnu11;
				GCC_NO_COMMON_BLOCKS = YES;
				GCC_WARN_64_TO_32_BIT_CONVERSION = YES;
				GCC_WARN_ABOUT_RETURN_TYPE = YES_ERROR;
				GCC_WARN_UNDECLARED_SELECTOR = YES;
				GCC_WARN_UNINITIALIZED_AUTOS = YES_AGGRESSIVE;
				GCC_WARN_UNUSED_FUNCTION = YES;
				GCC_WARN_UNUSED_VARIABLE = YES;
				MACOSX_DEPLOYMENT_TARGET = 10.14;
				MTL_ENABLE_DEBUG_INFO = NO;
				MTL_FAST_MATH = YES;
				SDKROOT = macosx;
			};
			name = Release;
		};
		FD7202B1237854FA00770ADF /* Debug */ = {
			isa = XCBuildConfiguration;
			buildSettings = {
				CODE_SIGN_STYLE = Automatic;
				PRODUCT_NAME = "$(TARGET_NAME)";
			};
			name = Debug;
		};
		FD7202B2237854FA00770ADF /* Release */ = {
			isa = XCBuildConfiguration;
			buildSettings = {
				CODE_SIGN_STYLE = Automatic;
				PRODUCT_NAME = "$(TARGET_NAME)";
			};
			name = Release;
		};
/* End XCBuildConfiguration section */

/* Begin XCConfigurationList section */
		FD7202A4237854FA00770ADF /* Build configuration list for PBXProject "ACM_fall2019" */ = {
			isa = XCConfigurationList;
			buildConfigurations = (
				FD7202AE237854FA00770ADF /* Debug */,
				FD7202AF237854FA00770ADF /* Release */,
			);
			defaultConfigurationIsVisible = 0;
			defaultConfigurationName = Release;
		};
		FD7202B0237854FA00770ADF /* Build configuration list for PBXNativeTarget "ACM_fall2019" */ = {
			isa = XCConfigurationList;
			buildConfigurations = (
				FD7202B1237854FA00770ADF /* Debug */,
				FD7202B2237854FA00770ADF /* Release */,
			);
			defaultConfigurationIsVisible = 0;
			defaultConfigurationName = Release;
		};
/* End XCConfigurationList section */
	};
	rootObject = FD7202A1237854FA00770ADF /* Project object */;
}
